
Microsoft Visual Studio Solution File, Format Version 12.00
# Visual Studio Version 17
VisualStudioVersion = 17.11.35312.102
MinimumVisualStudioVersion = 10.0.40219.1
Project("{FAE04EC0-301F-11D3-BF4B-00C04F79EFBC}") = "CSharpEgitimKampi601", "CSharpEgitimKampi601\CSharpEgitimKampi601.csproj", "{E4456B93-6E8B-4DB5-8A8E-EB5FC6AD698E}"
EndProject
Global
	GlobalSection(SolutionConfigurationPlatforms) = preSolution
		Debug|Any CPU = Debug|Any CPU
		Release|Any CPU = Release|Any CPU
	EndGlobalSection
	GlobalSection(ProjectConfigurationPlatforms) = postSolution
		{E4456B93-6E8B-4DB5-8A8E-EB5FC6AD698E}.Debug|Any CPU.ActiveCfg = Debug|Any CPU
		{E4456B93-6E8B-4DB5-8A8E-EB5FC6AD698E}.Debug|Any CPU.Build.0 = Debug|Any CPU
		{E4456B93-6E8B-4DB5-8A8E-EB5FC6AD698E}.Release|Any CPU.ActiveCfg = Release|Any CPU
		{E4456B93-6E8B-4DB5-8A8E-EB5FC6AD698E}.Release|Any CPU.Build.0 = Release|Any CPU
	EndGlobalSection
	GlobalSection(SolutionProperties) = preSolution
		HideSolutionNode = FALSE
	EndGlobalSection
	GlobalSection(ExtensibilityGlobals) = postSolution
		SolutionGuid = {144C24CA-3D17-498D-AE19-D243B4214F18}
	EndGlobalSection
EndGlobal
